
Microsoft Visual Studio Solution File, Format Version 12.00
# Visual Studio 2013
VisualStudioVersion = 12.0.30324.0
MinimumVisualStudioVersion = 10.0.40219.1
Project("{FAE04EC0-301F-11D3-BF4B-00C04F79EFBC}") = "Computational Node", "Computational Node\Computational Node.csproj", "{8782ACC2-738D-462F-98E6-C2ACD6D4DAE7}"
EndProject
Project("{FAE04EC0-301F-11D3-BF4B-00C04F79EFBC}") = "Computational Server", "Computational Server\Computational Server.csproj", "{1942848C-9EA6-4C89-BF62-27926FCBB5FE}"
EndProject
Project("{FAE04EC0-301F-11D3-BF4B-00C04F79EFBC}") = "Communication Library", "Communication Library\Communication Library.csproj", "{B4EFF6FE-DB52-4ECD-AC63-BEE465E5BB66}"
EndProject
Project("{FAE04EC0-301F-11D3-BF4B-00C04F79EFBC}") = "ComputationTests", "ComputationTests\ComputationTests.csproj", "{A7C01F6F-FF03-425E-B7FB-675855C5210B}"
EndProject
Project("{FAE04EC0-301F-11D3-BF4B-00C04F79EFBC}") = "Computational Client", "Computational Client\Computational Client.csproj", "{92093FC1-4285-437B-9D4B-EE15712509AC}"
EndProject
Project("{FAE04EC0-301F-11D3-BF4B-00C04F79EFBC}") = "Task Manager", "Task Manager\Task Manager.csproj", "{B80E8EA5-A28C-4627-B1A5-841ADB038AF2}"
EndProject
Project("{2150E333-8FDC-42A3-9474-1A3956D46DE8}") = ".nuget", ".nuget", "{168BEE93-D8C6-46CB-85CA-0CF1F58926F5}"
	ProjectSection(SolutionItems) = preProject
		.nuget\NuGet.Config = .nuget\NuGet.Config
		.nuget\NuGet.exe = .nuget\NuGet.exe
		.nuget\NuGet.targets = .nuget\NuGet.targets
	EndProjectSection
EndProject
Project("{FAE04EC0-301F-11D3-BF4B-00C04F79EFBC}") = "DynamicVehicleRoutingProblem", "DynamicVehicleRoutingProblem\DynamicVehicleRoutingProblem.csproj", "{2DD11613-1976-491D-A777-B47FA80B91F4}"
EndProject
Project("{2150E333-8FDC-42A3-9474-1A3956D46DE8}") = "Solution Items", "Solution Items", "{1E7CA15E-DF83-4EA9-BE15-9DB8864C4987}"
EndProject
Global
	GlobalSection(SolutionConfigurationPlatforms) = preSolution
		Debug|Any CPU = Debug|Any CPU
		Release|Any CPU = Release|Any CPU
	EndGlobalSection
	GlobalSection(ProjectConfigurationPlatforms) = postSolution
		{8782ACC2-738D-462F-98E6-C2ACD6D4DAE7}.Debug|Any CPU.ActiveCfg = Debug|Any CPU
		{8782ACC2-738D-462F-98E6-C2ACD6D4DAE7}.Debug|Any CPU.Build.0 = Debug|Any CPU
		{8782ACC2-738D-462F-98E6-C2ACD6D4DAE7}.Release|Any CPU.ActiveCfg = Release|Any CPU
		{8782ACC2-738D-462F-98E6-C2ACD6D4DAE7}.Release|Any CPU.Build.0 = Release|Any CPU
		{1942848C-9EA6-4C89-BF62-27926FCBB5FE}.Debug|Any CPU.ActiveCfg = Debug|Any CPU
		{1942848C-9EA6-4C89-BF62-27926FCBB5FE}.Debug|Any CPU.Build.0 = Debug|Any CPU
		{1942848C-9EA6-4C89-BF62-27926FCBB5FE}.Release|Any CPU.ActiveCfg = Release|Any CPU
		{1942848C-9EA6-4C89-BF62-27926FCBB5FE}.Release|Any CPU.Build.0 = Release|Any CPU
		{B4EFF6FE-DB52-4ECD-AC63-BEE465E5BB66}.Debug|Any CPU.ActiveCfg = Debug|Any CPU
		{B4EFF6FE-DB52-4ECD-AC63-BEE465E5BB66}.Debug|Any CPU.Build.0 = Debug|Any CPU
		{B4EFF6FE-DB52-4ECD-AC63-BEE465E5BB66}.Release|Any CPU.ActiveCfg = Release|Any CPU
		{B4EFF6FE-DB52-4ECD-AC63-BEE465E5BB66}.Release|Any CPU.Build.0 = Release|Any CPU
		{A7C01F6F-FF03-425E-B7FB-675855C5210B}.Debug|Any CPU.ActiveCfg = Debug|Any CPU
		{A7C01F6F-FF03-425E-B7FB-675855C5210B}.Debug|Any CPU.Build.0 = Debug|Any CPU
		{A7C01F6F-FF03-425E-B7FB-675855C5210B}.Release|Any CPU.ActiveCfg = Release|Any CPU
		{A7C01F6F-FF03-425E-B7FB-675855C5210B}.Release|Any CPU.Build.0 = Release|Any CPU
		{92093FC1-4285-437B-9D4B-EE15712509AC}.Debug|Any CPU.ActiveCfg = Debug|Any CPU
		{92093FC1-4285-437B-9D4B-EE15712509AC}.Debug|Any CPU.Build.0 = Debug|Any CPU
		{92093FC1-4285-437B-9D4B-EE15712509AC}.Release|Any CPU.ActiveCfg = Release|Any CPU
		{92093FC1-4285-437B-9D4B-EE15712509AC}.Release|Any CPU.Build.0 = Release|Any CPU
		{B80E8EA5-A28C-4627-B1A5-841ADB038AF2}.Debug|Any CPU.ActiveCfg = Debug|Any CPU
		{B80E8EA5-A28C-4627-B1A5-841ADB038AF2}.Debug|Any CPU.Build.0 = Debug|Any CPU
		{B80E8EA5-A28C-4627-B1A5-841ADB038AF2}.Release|Any CPU.ActiveCfg = Release|Any CPU
		{B80E8EA5-A28C-4627-B1A5-841ADB038AF2}.Release|Any CPU.Build.0 = Release|Any CPU
		{2DD11613-1976-491D-A777-B47FA80B91F4}.Debug|Any CPU.ActiveCfg = Debug|Any CPU
		{2DD11613-1976-491D-A777-B47FA80B91F4}.Debug|Any CPU.Build.0 = Debug|Any CPU
		{2DD11613-1976-491D-A777-B47FA80B91F4}.Release|Any CPU.ActiveCfg = Release|Any CPU
		{2DD11613-1976-491D-A777-B47FA80B91F4}.Release|Any CPU.Build.0 = Release|Any CPU
	EndGlobalSection
	GlobalSection(SolutionProperties) = preSolution
		HideSolutionNode = FALSE
	EndGlobalSection
EndGlobal
